
Microsoft Visual Studio Solution File, Format Version 11.00
# Visual Studio 2010
Project("{8BC9CEB8-8B4A-11D0-8D11-00A0C91BC942}") = "244101069_Voice Activated Chess Game", "244101069_Voice Activated Chess Game.vcxproj", "{32AA9F6D-DFBB-4959-9B5C-61E5F7FBEF63}"
EndProject
Global
	GlobalSection(SolutionConfigurationPlatforms) = preSolution
		Debug|Win32 = Debug|Win32
		Release|Win32 = Release|Win32
	EndGlobalSection
	GlobalSection(ProjectConfigurationPlatforms) = postSolution
		{32AA9F6D-DFBB-4959-9B5C-61E5F7FBEF63}.Debug|Win32.ActiveCfg = Debug|Win32
		{32AA9F6D-DFBB-4959-9B5C-61E5F7FBEF63}.Debug|Win32.Build.0 = Debug|Win32
		{32AA9F6D-DFBB-4959-9B5C-61E5F7FBEF63}.Release|Win32.ActiveCfg = Release|Win32
		{32AA9F6D-DFBB-4959-9B5C-61E5F7FBEF63}.Release|Win32.Build.0 = Release|Win32
	EndGlobalSection
	GlobalSection(SolutionProperties) = preSolution
		HideSolutionNode = FALSE
	EndGlobalSection
EndGlobal
